
Microsoft Visual Studio Solution File, Format Version 12.00
# Visual Studio Version 16
VisualStudioVersion = 16.0.30709.132
MinimumVisualStudioVersion = 10.0.40219.1
Project("{9A19103F-16F7-4668-BE54-9A1E7A4F7556}") = "GRPCClient", "GRPCClient\GRPCClient.csproj", "{C467CAF5-CC88-47E2-82CA-D948135E8B66}"
EndProject
Project("{9A19103F-16F7-4668-BE54-9A1E7A4F7556}") = "GRPCServer", "GRPCServer\GRPCServer.csproj", "{9EE28FBF-37B5-42B1-AF1C-BFA75E068083}"
EndProject
Global
	GlobalSection(SolutionConfigurationPlatforms) = preSolution
		Debug|Any CPU = Debug|Any CPU
		Release|Any CPU = Release|Any CPU
	EndGlobalSection
	GlobalSection(ProjectConfigurationPlatforms) = postSolution
		{C467CAF5-CC88-47E2-82CA-D948135E8B66}.Debug|Any CPU.ActiveCfg = Debug|Any CPU
		{C467CAF5-CC88-47E2-82CA-D948135E8B66}.Debug|Any CPU.Build.0 = Debug|Any CPU
		{C467CAF5-CC88-47E2-82CA-D948135E8B66}.Release|Any CPU.ActiveCfg = Release|Any CPU
		{C467CAF5-CC88-47E2-82CA-D948135E8B66}.Release|Any CPU.Build.0 = Release|Any CPU
		{9EE28FBF-37B5-42B1-AF1C-BFA75E068083}.Debug|Any CPU.ActiveCfg = Debug|Any CPU
		{9EE28FBF-37B5-42B1-AF1C-BFA75E068083}.Debug|Any CPU.Build.0 = Debug|Any CPU
		{9EE28FBF-37B5-42B1-AF1C-BFA75E068083}.Release|Any CPU.ActiveCfg = Release|Any CPU
		{9EE28FBF-37B5-42B1-AF1C-BFA75E068083}.Release|Any CPU.Build.0 = Release|Any CPU
	EndGlobalSection
	GlobalSection(SolutionProperties) = preSolution
		HideSolutionNode = FALSE
	EndGlobalSection
	GlobalSection(ExtensibilityGlobals) = postSolution
		SolutionGuid = {7255734E-498B-4DAF-BBCE-D0D4BF4A4D1F}
	EndGlobalSection
EndGlobal
